
Microsoft Visual Studio Solution File, Format Version 12.00
# Visual Studio Version 16
VisualStudioVersion = 16.0.31112.23
MinimumVisualStudioVersion = 10.0.40219.1
Project("{FAE04EC0-301F-11D3-BF4B-00C04F79EFBC}") = "JobAssistant", "JobAssistant\JobAssistant.csproj", "{0B353F31-21B9-4BFF-B133-D7D60F8CCF65}"
EndProject
Global
	GlobalSection(SolutionConfigurationPlatforms) = preSolution
		Debug|Any CPU = Debug|Any CPU
		Release|Any CPU = Release|Any CPU
	EndGlobalSection
	GlobalSection(ProjectConfigurationPlatforms) = postSolution
		{0B353F31-21B9-4BFF-B133-D7D60F8CCF65}.Debug|Any CPU.ActiveCfg = Debug|Any CPU
		{0B353F31-21B9-4BFF-B133-D7D60F8CCF65}.Debug|Any CPU.Build.0 = Debug|Any CPU
		{0B353F31-21B9-4BFF-B133-D7D60F8CCF65}.Release|Any CPU.ActiveCfg = Release|Any CPU
		{0B353F31-21B9-4BFF-B133-D7D60F8CCF65}.Release|Any CPU.Build.0 = Release|Any CPU
	EndGlobalSection
	GlobalSection(SolutionProperties) = preSolution
		HideSolutionNode = FALSE
	EndGlobalSection
	GlobalSection(ExtensibilityGlobals) = postSolution
		SolutionGuid = {85F2CE02-A358-40F1-B164-FBDC295586F5}
	EndGlobalSection
EndGlobal
